// !$*UTF8*$!
{
	archiveVersion = 1;
	classes = {
	};
	objectVersion = 56;
	objects = {

/* Begin PBXBuildFile section */
		B61B35922AE14EF3007A7A78 /* e_CommerceApp.swift in Sources */ = {isa = PBXBuildFile; fileRef = B61B35912AE14EF3007A7A78 /* e_CommerceApp.swift */; };
		B61B35942AE14EF3007A7A78 /* ContentView.swift in Sources */ = {isa = PBXBuildFile; fileRef = B61B35932AE14EF3007A7A78 /* ContentView.swift */; };
		B61B35962AE14EF4007A7A78 /* Assets.xcassets in Resources */ = {isa = PBXBuildFile; fileRef = B61B35952AE14EF4007A7A78 /* Assets.xcassets */; };
		B61B35992AE14EF4007A7A78 /* Preview Assets.xcassets in Resources */ = {isa = PBXBuildFile; fileRef = B61B35982AE14EF4007A7A78 /* Preview Assets.xcassets */; };
		B61B35A32AE14EF4007A7A78 /* e_CommerceTests.swift in Sources */ = {isa = PBXBuildFile; fileRef = B61B35A22AE14EF4007A7A78 /* e_CommerceTests.swift */; };
		B61B35AD2AE14EF4007A7A78 /* e_CommerceUITests.swift in Sources */ = {isa = PBXBuildFile; fileRef = B61B35AC2AE14EF4007A7A78 /* e_CommerceUITests.swift */; };
		B61B35AF2AE14EF5007A7A78 /* e_CommerceUITestsLaunchTests.swift in Sources */ = {isa = PBXBuildFile; fileRef = B61B35AE2AE14EF5007A7A78 /* e_CommerceUITestsLaunchTests.swift */; };
/* End PBXBuildFile section */

/* Begin PBXContainerItemProxy section */
		B61B359F2AE14EF4007A7A78 /* PBXContainerItemProxy */ = {
			isa = PBXContainerItemProxy;
			containerPortal = B61B35862AE14EF3007A7A78 /* Project object */;
			proxyType = 1;
			remoteGlobalIDString = B61B358D2AE14EF3007A7A78;
			remoteInfo = e_Commerce;
		};
		B61B35A92AE14EF4007A7A78 /* PBXContainerItemProxy */ = {
			isa = PBXContainerItemProxy;
			containerPortal = B61B35862AE14EF3007A7A78 /* Project object */;
			proxyType = 1;
			remoteGlobalIDString = B61B358D2AE14EF3007A7A78;
			remoteInfo = e_Commerce;
		};
/* End PBXContainerItemProxy section */

/* Begin PBXFileReference section */
		B61B358E2AE14EF3007A7A78 /* e_Commerce.app */ = {isa = PBXFileReference; explicitFileType = wrapper.application; includeInIndex = 0; path = e_Commerce.app; sourceTree = BUILT_PRODUCTS_DIR; };
		B61B35912AE14EF3007A7A78 /* e_CommerceApp.swift */ = {isa = PBXFileReference; lastKnownFileType = sourcecode.swift; path = e_CommerceApp.swift; sourceTree = "<group>"; };
		B61B35932AE14EF3007A7A78 /* ContentView.swift */ = {isa = PBXFileReference; lastKnownFileType = sourcecode.swift; path = ContentView.swift; sourceTree = "<group>"; };
		B61B35952AE14EF4007A7A78 /* Assets.xcassets */ = {isa = PBXFileReference; lastKnownFileType = folder.assetcatalog; path = Assets.xcassets; sourceTree = "<group>"; };
		B61B35982AE14EF4007A7A78 /* Preview Assets.xcassets */ = {isa = PBXFileReference; lastKnownFileType = folder.assetcatalog; path = "Preview Assets.xcassets"; sourceTree = "<group>"; };
		B61B359E2AE14EF4007A7A78 /* e_CommerceTests.xctest */ = {isa = PBXFileReference; explicitFileType = wrapper.cfbundle; includeInIndex = 0; path = e_CommerceTests.xctest; sourceTree = BUILT_PRODUCTS_DIR; };
		B61B35A22AE14EF4007A7A78 /* e_CommerceTests.swift */ = {isa = PBXFileReference; lastKnownFileType = sourcecode.swift; path = e_CommerceTests.swift; sourceTree = "<group>"; };
		B61B35A82AE14EF4007A7A78 /* e_CommerceUITests.xctest */ = {isa = PBXFileReference; explicitFileType = wrapper.cfbundle; includeInIndex = 0; path = e_CommerceUITests.xctest; sourceTree = BUILT_PRODUCTS_DIR; };
		B61B35AC2AE14EF4007A7A78 /* e_CommerceUITests.swift */ = {isa = PBXFileReference; lastKnownFileType = sourcecode.swift; path = e_CommerceUITests.swift; sourceTree = "<group>"; };
		B61B35AE2AE14EF5007A7A78 /* e_CommerceUITestsLaunchTests.swift */ = {isa = PBXFileReference; lastKnownFileType = sourcecode.swift; path = e_CommerceUITestsLaunchTests.swift; sourceTree = "<group>"; };
/* End PBXFileReference section */

/* Begin PBXFrameworksBuildPhase section */
		B61B358B2AE14EF3007A7A78 /* Frameworks */ = {
			isa = PBXFrameworksBuildPhase;
			buildActionMask = 2147483647;
			files = (
			);
			runOnlyForDeploymentPostprocessing = 0;
		};
		B61B359B2AE14EF4007A7A78 /* Frameworks */ = {
			isa = PBXFrameworksBuildPhase;
			buildActionMask = 2147483647;
			files = (
			);
			runOnlyForDeploymentPostprocessing = 0;
		};
		B61B35A52AE14EF4007A7A78 /* Frameworks */ = {
			isa = PBXFrameworksBuildPhase;
			buildActionMask = 2147483647;
			files = (
			);
			runOnlyForDeploymentPostprocessing = 0;
		};
/* End PBXFrameworksBuildPhase section */

/* Begin PBXGroup section */
		B61B35852AE14EF3007A7A78 = {
			isa = PBXGroup;
			children = (
				B61B35902AE14EF3007A7A78 /* e_Commerce */,
				B61B35A12AE14EF4007A7A78 /* e_CommerceTests */,
				B61B35AB2AE14EF4007A7A78 /* e_CommerceUITests */,
				B61B358F2AE14EF3007A7A78 /* Products */,
			);
			sourceTree = "<group>";
		};
		B61B358F2AE14EF3007A7A78 /* Products */ = {
			isa = PBXGroup;
			children = (
				B61B358E2AE14EF3007A7A78 /* e_Commerce.app */,
				B61B359E2AE14EF4007A7A78 /* e_CommerceTests.xctest */,
				B61B35A82AE14EF4007A7A78 /* e_CommerceUITests.xctest */,
			);
			name = Products;
			sourceTree = "<group>";
		};
		B61B35902AE14EF3007A7A78 /* e_Commerce */ = {
			isa = PBXGroup;
			children = (
				B61B35912AE14EF3007A7A78 /* e_CommerceApp.swift */,
				B61B35932AE14EF3007A7A78 /* ContentView.swift */,
				B61B35952AE14EF4007A7A78 /* Assets.xcassets */,
				B61B35972AE14EF4007A7A78 /* Preview Content */,
			);
			path = e_Commerce;
			sourceTree = "<group>";
		};
		B61B35972AE14EF4007A7A78 /* Preview Content */ = {
			isa = PBXGroup;
			children = (
				B61B35982AE14EF4007A7A78 /* Preview Assets.xcassets */,
			);
			path = "Preview Content";
			sourceTree = "<group>";
		};
		B61B35A12AE14EF4007A7A78 /* e_CommerceTests */ = {
			isa = PBXGroup;
			children = (
				B61B35A22AE14EF4007A7A78 /* e_CommerceTests.swift */,
			);
			path = e_CommerceTests;
			sourceTree = "<group>";
		};
		B61B35AB2AE14EF4007A7A78 /* e_CommerceUITests */ = {
			isa = PBXGroup;
			children = (
				B61B35AC2AE14EF4007A7A78 /* e_CommerceUITests.swift */,
				B61B35AE2AE14EF5007A7A78 /* e_CommerceUITestsLaunchTests.swift */,
			);
			path = e_CommerceUITests;
			sourceTree = "<group>";
		};
/* End PBXGroup section */

/* Begin PBXNativeTarget section */
		B61B358D2AE14EF3007A7A78 /* e_Commerce */ = {
			isa = PBXNativeTarget;
			buildConfigurationList = B61B35B22AE14EF5007A7A78 /* Build configuration list for PBXNativeTarget "e_Commerce" */;
			buildPhases = (
				B61B358A2AE14EF3007A7A78 /* Sources */,
				B61B358B2AE14EF3007A7A78 /* Frameworks */,
				B61B358C2AE14EF3007A7A78 /* Resources */,
			);
			buildRules = (
			);
			dependencies = (
			);
			name = e_Commerce;
			productName = e_Commerce;
			productReference = B61B358E2AE14EF3007A7A78 /* e_Commerce.app */;
			productType = "com.apple.product-type.application";
		};
		B61B359D2AE14EF4007A7A78 /* e_CommerceTests */ = {
			isa = PBXNativeTarget;
			buildConfigurationList = B61B35B52AE14EF5007A7A78 /* Build configuration list for PBXNativeTarget "e_CommerceTests" */;
			buildPhases = (
				B61B359A2AE14EF4007A7A78 /* Sources */,
				B61B359B2AE14EF4007A7A78 /* Frameworks */,
				B61B359C2AE14EF4007A7A78 /* Resources */,
			);
			buildRules = (
			);
			dependencies = (
				B61B35A02AE14EF4007A7A78 /* PBXTargetDependency */,
			);
			name = e_CommerceTests;
			productName = e_CommerceTests;
			productReference = B61B359E2AE14EF4007A7A78 /* e_CommerceTests.xctest */;
			productType = "com.apple.product-type.bundle.unit-test";
		};
		B61B35A72AE14EF4007A7A78 /* e_CommerceUITests */ = {
			isa = PBXNativeTarget;
			buildConfigurationList = B61B35B82AE14EF5007A7A78 /* Build configuration list for PBXNativeTarget "e_CommerceUITests" */;
			buildPhases = (
				B61B35A42AE14EF4007A7A78 /* Sources */,
				B61B35A52AE14EF4007A7A78 /* Frameworks */,
				B61B35A62AE14EF4007A7A78 /* Resources */,
			);
			buildRules = (
			);
			dependencies = (
				B61B35AA2AE14EF4007A7A78 /* PBXTargetDependency */,
			);
			name = e_CommerceUITests;
			productName = e_CommerceUITests;
			productReference = B61B35A82AE14EF4007A7A78 /* e_CommerceUITests.xctest */;
			productType = "com.apple.product-type.bundle.ui-testing";
		};
/* End PBXNativeTarget section */

/* Begin PBXProject section */
		B61B35862AE14EF3007A7A78 /* Project object */ = {
			isa = PBXProject;
			attributes = {
				BuildIndependentTargetsInParallel = 1;
				LastSwiftUpdateCheck = 1430;
				LastUpgradeCheck = 1430;
				TargetAttributes = {
					B61B358D2AE14EF3007A7A78 = {
						CreatedOnToolsVersion = 14.3.1;
					};
					B61B359D2AE14EF4007A7A78 = {
						CreatedOnToolsVersion = 14.3.1;
						TestTargetID = B61B358D2AE14EF3007A7A78;
					};
					B61B35A72AE14EF4007A7A78 = {
						CreatedOnToolsVersion = 14.3.1;
						TestTargetID = B61B358D2AE14EF3007A7A78;
					};
				};
			};
			buildConfigurationList = B61B35892AE14EF3007A7A78 /* Build configuration list for PBXProject "e_Commerce" */;
			compatibilityVersion = "Xcode 14.0";
			developmentRegion = en;
			hasScannedForEncodings = 0;
			knownRegions = (
				en,
				Base,
			);
			mainGroup = B61B35852AE14EF3007A7A78;
			productRefGroup = B61B358F2AE14EF3007A7A78 /* Products */;
			projectDirPath = "";
			projectRoot = "";
			targets = (
				B61B358D2AE14EF3007A7A78 /* e_Commerce */,
				B61B359D2AE14EF4007A7A78 /* e_CommerceTests */,
				B61B35A72AE14EF4007A7A78 /* e_CommerceUITests */,
			);
		};
/* End PBXProject section */

/* Begin PBXResourcesBuildPhase section */
		B61B358C2AE14EF3007A7A78 /* Resources */ = {
			isa = PBXResourcesBuildPhase;
			buildActionMask = 2147483647;
			files = (
				B61B35992AE14EF4007A7A78 /* Preview Assets.xcassets in Resources */,
				B61B35962AE14EF4007A7A78 /* Assets.xcassets in Resources */,
			);
			runOnlyForDeploymentPostprocessing = 0;
		};
		B61B359C2AE14EF4007A7A78 /* Resources */ = {
			isa = PBXResourcesBuildPhase;
			buildActionMask = 2147483647;
			files = (
			);
			runOnlyForDeploymentPostprocessing = 0;
		};
		B61B35A62AE14EF4007A7A78 /* Resources */ = {
			isa = PBXResourcesBuildPhase;
			buildActionMask = 2147483647;
			files = (
			);
			runOnlyForDeploymentPostprocessing = 0;
		};
/* End PBXResourcesBuildPhase section */

/* Begin PBXSourcesBuildPhase section */
		B61B358A2AE14EF3007A7A78 /* Sources */ = {
			isa = PBXSourcesBuildPhase;
			buildActionMask = 2147483647;
			files = (
				B61B35942AE14EF3007A7A78 /* ContentView.swift in Sources */,
				B61B35922AE14EF3007A7A78 /* e_CommerceApp.swift in Sources */,
			);
			runOnlyForDeploymentPostprocessing = 0;
		};
		B61B359A2AE14EF4007A7A78 /* Sources */ = {
			isa = PBXSourcesBuildPhase;
			buildActionMask = 2147483647;
			files = (
				B61B35A32AE14EF4007A7A78 /* e_CommerceTests.swift in Sources */,
			);
			runOnlyForDeploymentPostprocessing = 0;
		};
		B61B35A42AE14EF4007A7A78 /* Sources */ = {
			isa = PBXSourcesBuildPhase;
			buildActionMask = 2147483647;
			files = (
				B61B35AD2AE14EF4007A7A78 /* e_CommerceUITests.swift in Sources */,
				B61B35AF2AE14EF5007A7A78 /* e_CommerceUITestsLaunchTests.swift in Sources */,
			);
			runOnlyForDeploymentPostprocessing = 0;
		};
/* End PBXSourcesBuildPhase section */

/* Begin PBXTargetDependency section */
		B61B35A02AE14EF4007A7A78 /* PBXTargetDependency */ = {
			isa = PBXTargetDependency;
			target = B61B358D2AE14EF3007A7A78 /* e_Commerce */;
			targetProxy = B61B359F2AE14EF4007A7A78 /* PBXContainerItemProxy */;
		};
		B61B35AA2AE14EF4007A7A78 /* PBXTargetDependency */ = {
			isa = PBXTargetDependency;
			target = B61B358D2AE14EF3007A7A78 /* e_Commerce */;
			targetProxy = B61B35A92AE14EF4007A7A78 /* PBXContainerItemProxy */;
		};
/* End PBXTargetDependency section */

/* Begin XCBuildConfiguration section */
		B61B35B02AE14EF5007A7A78 /* Debug */ = {
			isa = XCBuildConfiguration;
			buildSettings = {
				ALWAYS_SEARCH_USER_PATHS = NO;
				CLANG_ANALYZER_NONNULL = YES;
				CLANG_ANALYZER_NUMBER_OBJECT_CONVERSION = YES_AGGRESSIVE;
				CLANG_CXX_LANGUAGE_STANDARD = "gnu++20";
				CLANG_ENABLE_MODULES = YES;
				CLANG_ENABLE_OBJC_ARC = YES;
				CLANG_ENABLE_OBJC_WEAK = YES;
				CLANG_WARN_BLOCK_CAPTURE_AUTORELEASING = YES;
				CLANG_WARN_BOOL_CONVERSION = YES;
				CLANG_WARN_COMMA = YES;
				CLANG_WARN_CONSTANT_CONVERSION = YES;
				CLANG_WARN_DEPRECATED_OBJC_IMPLEMENTATIONS = YES;
				CLANG_WARN_DIRECT_OBJC_ISA_USAGE = YES_ERROR;
				CLANG_WARN_DOCUMENTATION_COMMENTS = YES;
				CLANG_WARN_EMPTY_BODY = YES;
				CLANG_WARN_ENUM_CONVERSION = YES;
				CLANG_WARN_INFINITE_RECURSION = YES;
				CLANG_WARN_INT_CONVERSION = YES;
				CLANG_WARN_NON_LITERAL_NULL_CONVERSION = YES;
				CLANG_WARN_OBJC_IMPLICIT_RETAIN_SELF = YES;
				CLANG_WARN_OBJC_LITERAL_CONVERSION = YES;
				CLANG_WARN_OBJC_ROOT_CLASS = YES_ERROR;
				CLANG_WARN_QUOTED_INCLUDE_IN_FRAMEWORK_HEADER = YES;
				CLANG_WARN_RANGE_LOOP_ANALYSIS = YES;
				CLANG_WARN_STRICT_PROTOTYPES = YES;
				CLANG_WARN_SUSPICIOUS_MOVE = YES;
				CLANG_WARN_UNGUARDED_AVAILABILITY = YES_AGGRESSIVE;
				CLANG_WARN_UNREACHABLE_CODE = YES;
				CLANG_WARN__DUPLICATE_METHOD_MATCH = YES;
				COPY_PHASE_STRIP = NO;
				DEBUG_INFORMATION_FORMAT = dwarf;
				ENABLE_STRICT_OBJC_MSGSEND = YES;
				ENABLE_TESTABILITY = YES;
				GCC_C_LANGUAGE_STANDARD = gnu11;
				GCC_DYNAMIC_NO_PIC = NO;
				GCC_NO_COMMON_BLOCKS = YES;
				GCC_OPTIMIZATION_LEVEL = 0;
				GCC_PREPROCESSOR_DEFINITIONS = (
					"DEBUG=1",
					"$(inherited)",
				);
				GCC_WARN_64_TO_32_BIT_CONVERSION = YES;
				GCC_WARN_ABOUT_RETURN_TYPE = YES_ERROR;
				GCC_WARN_UNDECLARED_SELECTOR = YES;
				GCC_WARN_UNINITIALIZED_AUTOS = YES_AGGRESSIVE;
				GCC_WARN_UNUSED_FUNCTION = YES;
				GCC_WARN_UNUSED_VARIABLE = YES;
				IPHONEOS_DEPLOYMENT_TARGET = 16.4;
				MTL_ENABLE_DEBUG_INFO = INCLUDE_SOURCE;
				MTL_FAST_MATH = YES;
				ONLY_ACTIVE_ARCH = YES;
				SDKROOT = iphoneos;
				SWIFT_ACTIVE_COMPILATION_CONDITIONS = DEBUG;
				SWIFT_OPTIMIZATION_LEVEL = "-Onone";
			};
			name = Debug;
		};
		B61B35B12AE14EF5007A7A78 /* Release */ = {
			isa = XCBuildConfiguration;
			buildSettings = {
				ALWAYS_SEARCH_USER_PATHS = NO;
				CLANG_ANALYZER_NONNULL = YES;
				CLANG_ANALYZER_NUMBER_OBJECT_CONVERSION = YES_AGGRESSIVE;
				CLANG_CXX_LANGUAGE_STANDARD = "gnu++20";
				CLANG_ENABLE_MODULES = YES;
				CLANG_ENABLE_OBJC_ARC = YES;
				CLANG_ENABLE_OBJC_WEAK = YES;
				CLANG_WARN_BLOCK_CAPTURE_AUTORELEASING = YES;
				CLANG_WARN_BOOL_CONVERSION = YES;
				CLANG_WARN_COMMA = YES;
				CLANG_WARN_CONSTANT_CONVERSION = YES;
				CLANG_WARN_DEPRECATED_OBJC_IMPLEMENTATIONS = YES;
				CLANG_WARN_DIRECT_OBJC_ISA_USAGE = YES_ERROR;
				CLANG_WARN_DOCUMENTATION_COMMENTS = YES;
				CLANG_WARN_EMPTY_BODY = YES;
				CLANG_WARN_ENUM_CONVERSION = YES;
				CLANG_WARN_INFINITE_RECURSION = YES;
				CLANG_WARN_INT_CONVERSION = YES;
				CLANG_WARN_NON_LITERAL_NULL_CONVERSION = YES;
				CLANG_WARN_OBJC_IMPLICIT_RETAIN_SELF = YES;
				CLANG_WARN_OBJC_LITERAL_CONVERSION = YES;
				CLANG_WARN_OBJC_ROOT_CLASS = YES_ERROR;
				CLANG_WARN_QUOTED_INCLUDE_IN_FRAMEWORK_HEADER = YES;
				CLANG_WARN_RANGE_LOOP_ANALYSIS = YES;
				CLANG_WARN_STRICT_PROTOTYPES = YES;
				CLANG_WARN_SUSPICIOUS_MOVE = YES;
				CLANG_WARN_UNGUARDED_AVAILABILITY = YES_AGGRESSIVE;
				CLANG_WARN_UNREACHABLE_CODE = YES;
				CLANG_WARN__DUPLICATE_METHOD_MATCH = YES;
				COPY_PHASE_STRIP = NO;
				DEBUG_INFORMATION_FORMAT = "dwarf-with-dsym";
				ENABLE_NS_ASSERTIONS = NO;
				ENABLE_STRICT_OBJC_MSGSEND = YES;
				GCC_C_LANGUAGE_STANDARD = gnu11;
				GCC_NO_COMMON_BLOCKS = YES;
				GCC_WARN_64_TO_32_BIT_CONVERSION = YES;
				GCC_WARN_ABOUT_RETURN_TYPE = YES_ERROR;
				GCC_WARN_UNDECLARED_SELECTOR = YES;
				GCC_WARN_UNINITIALIZED_AUTOS = YES_AGGRESSIVE;
				GCC_WARN_UNUSED_FUNCTION = YES;
				GCC_WARN_UNUSED_VARIABLE = YES;
				IPHONEOS_DEPLOYMENT_TARGET = 16.4;
				MTL_ENABLE_DEBUG_INFO = NO;
				MTL_FAST_MATH = YES;
				SDKROOT = iphoneos;
				SWIFT_COMPILATION_MODE = wholemodule;
				SWIFT_OPTIMIZATION_LEVEL = "-O";
				VALIDATE_PRODUCT = YES;
			};
			name = Release;
		};
		B61B35B32AE14EF5007A7A78 /* Debug */ = {
			isa = XCBuildConfiguration;
			buildSettings = {
				ASSETCATALOG_COMPILER_APPICON_NAME = AppIcon;
				ASSETCATALOG_COMPILER_GLOBAL_ACCENT_COLOR_NAME = AccentColor;
				CODE_SIGN_STYLE = Automatic;
				CURRENT_PROJECT_VERSION = 1;
				DEVELOPMENT_ASSET_PATHS = "\"e_Commerce/Preview Content\"";
				ENABLE_PREVIEWS = YES;
				GENERATE_INFOPLIST_FILE = YES;
				INFOPLIST_KEY_UIApplicationSceneManifest_Generation = YES;
				INFOPLIST_KEY_UIApplicationSupportsIndirectInputEvents = YES;
				INFOPLIST_KEY_UILaunchScreen_Generation = YES;
				INFOPLIST_KEY_UISupportedInterfaceOrientations_iPad = "UIInterfaceOrientationPortrait UIInterfaceOrientationPortraitUpsideDown UIInterfaceOrientationLandscapeLeft UIInterfaceOrientationLandscapeRight";
				INFOPLIST_KEY_UISupportedInterfaceOrientations_iPhone = "UIInterfaceOrientationPortrait UIInterfaceOrientationLandscapeLeft UIInterfaceOrientationLandscapeRight";
				LD_RUNPATH_SEARCH_PATHS = (
					"$(inherited)",
					"@executable_path/Frameworks",
				);
				MARKETING_VERSION = 1.0;
				PRODUCT_BUNDLE_IDENTIFIER = "com.muhammadali.e-Commerce";
				PRODUCT_NAME = "$(TARGET_NAME)";
				SWIFT_EMIT_LOC_STRINGS = YES;
				SWIFT_VERSION = 5.0;
				TARGETED_DEVICE_FAMILY = "1,2";
			};
			name = Debug;
		};
		B61B35B42AE14EF5007A7A78 /* Release */ = {
			isa = XCBuildConfiguration;
			buildSettings = {
				ASSETCATALOG_COMPILER_APPICON_NAME = AppIcon;
				ASSETCATALOG_COMPILER_GLOBAL_ACCENT_COLOR_NAME = AccentColor;
				CODE_SIGN_STYLE = Automatic;
				CURRENT_PROJECT_VERSION = 1;
				DEVELOPMENT_ASSET_PATHS = "\"e_Commerce/Preview Content\"";
				ENABLE_PREVIEWS = YES;
				GENERATE_INFOPLIST_FILE = YES;
				INFOPLIST_KEY_UIApplicationSceneManifest_Generation = YES;
				INFOPLIST_KEY_UIApplicationSupportsIndirectInputEvents = YES;
				INFOPLIST_KEY_UILaunchScreen_Generation = YES;
				INFOPLIST_KEY_UISupportedInterfaceOrientations_iPad = "UIInterfaceOrientationPortrait UIInterfaceOrientationPortraitUpsideDown UIInterfaceOrientationLandscapeLeft UIInterfaceOrientationLandscapeRight";
				INFOPLIST_KEY_UISupportedInterfaceOrientations_iPhone = "UIInterfaceOrientationPortrait UIInterfaceOrientationLandscapeLeft UIInterfaceOrientationLandscapeRight";
				LD_RUNPATH_SEARCH_PATHS = (
					"$(inherited)",
					"@executable_path/Frameworks",
				);
				MARKETING_VERSION = 1.0;
				PRODUCT_BUNDLE_IDENTIFIER = "com.muhammadali.e-Commerce";
				PRODUCT_NAME = "$(TARGET_NAME)";
				SWIFT_EMIT_LOC_STRINGS = YES;
				SWIFT_VERSION = 5.0;
				TARGETED_DEVICE_FAMILY = "1,2";
			};
			name = Release;
		};
		B61B35B62AE14EF5007A7A78 /* Debug */ = {
			isa = XCBuildConfiguration;
			buildSettings = {
				ALWAYS_EMBED_SWIFT_STANDARD_LIBRARIES = YES;
				BUNDLE_LOADER = "$(TEST_HOST)";
				CODE_SIGN_STYLE = Automatic;
				CURRENT_PROJECT_VERSION = 1;
				GENERATE_INFOPLIST_FILE = YES;
				IPHONEOS_DEPLOYMENT_TARGET = 16.4;
				MARKETING_VERSION = 1.0;
				PRODUCT_BUNDLE_IDENTIFIER = "com.muhammadali.e-CommerceTests";
				PRODUCT_NAME = "$(TARGET_NAME)";
				SWIFT_EMIT_LOC_STRINGS = NO;
				SWIFT_VERSION = 5.0;
				TARGETED_DEVICE_FAMILY = "1,2";
				TEST_HOST = "$(BUILT_PRODUCTS_DIR)/e_Commerce.app/$(BUNDLE_EXECUTABLE_FOLDER_PATH)/e_Commerce";
			};
			name = Debug;
		};
		B61B35B72AE14EF5007A7A78 /* Release */ = {
			isa = XCBuildConfiguration;
			buildSettings = {
				ALWAYS_EMBED_SWIFT_STANDARD_LIBRARIES = YES;
				BUNDLE_LOADER = "$(TEST_HOST)";
				CODE_SIGN_STYLE = Automatic;
				CURRENT_PROJECT_VERSION = 1;
				GENERATE_INFOPLIST_FILE = YES;
				IPHONEOS_DEPLOYMENT_TARGET = 16.4;
				MARKETING_VERSION = 1.0;
				PRODUCT_BUNDLE_IDENTIFIER = "com.muhammadali.e-CommerceTests";
				PRODUCT_NAME = "$(TARGET_NAME)";
				SWIFT_EMIT_LOC_STRINGS = NO;
				SWIFT_VERSION = 5.0;
				TARGETED_DEVICE_FAMILY = "1,2";
				TEST_HOST = "$(BUILT_PRODUCTS_DIR)/e_Commerce.app/$(BUNDLE_EXECUTABLE_FOLDER_PATH)/e_Commerce";
			};
			name = Release;
		};
		B61B35B92AE14EF5007A7A78 /* Debug */ = {
			isa = XCBuildConfiguration;
			buildSettings = {
				ALWAYS_EMBED_SWIFT_STANDARD_LIBRARIES = YES;
				CODE_SIGN_STYLE = Automatic;
				CURRENT_PROJECT_VERSION = 1;
				GENERATE_INFOPLIST_FILE = YES;
				MARKETING_VERSION = 1.0;
				PRODUCT_BUNDLE_IDENTIFIER = "com.muhammadali.e-CommerceUITests";
				PRODUCT_NAME = "$(TARGET_NAME)";
				SWIFT_EMIT_LOC_STRINGS = NO;
				SWIFT_VERSION = 5.0;
				TARGETED_DEVICE_FAMILY = "1,2";
				TEST_TARGET_NAME = e_Commerce;
			};
			name = Debug;
		};
		B61B35BA2AE14EF5007A7A78 /* Release */ = {
			isa = XCBuildConfiguration;
			buildSettings = {
				ALWAYS_EMBED_SWIFT_STANDARD_LIBRARIES = YES;
				CODE_SIGN_STYLE = Automatic;
				CURRENT_PROJECT_VERSION = 1;
				GENERATE_INFOPLIST_FILE = YES;
				MARKETING_VERSION = 1.0;
				PRODUCT_BUNDLE_IDENTIFIER = "com.muhammadali.e-CommerceUITests";
				PRODUCT_NAME = "$(TARGET_NAME)";
				SWIFT_EMIT_LOC_STRINGS = NO;
				SWIFT_VERSION = 5.0;
				TARGETED_DEVICE_FAMILY = "1,2";
				TEST_TARGET_NAME = e_Commerce;
			};
			name = Release;
		};
/* End XCBuildConfiguration section */

/* Begin XCConfigurationList section */
		B61B35892AE14EF3007A7A78 /* Build configuration list for PBXProject "e_Commerce" */ = {
			isa = XCConfigurationList;
			buildConfigurations = (
				B61B35B02AE14EF5007A7A78 /* Debug */,
				B61B35B12AE14EF5007A7A78 /* Release */,
			);
			defaultConfigurationIsVisible = 0;
			defaultConfigurationName = Release;
		};
		B61B35B22AE14EF5007A7A78 /* Build configuration list for PBXNativeTarget "e_Commerce" */ = {
			isa = XCConfigurationList;
			buildConfigurations = (
				B61B35B32AE14EF5007A7A78 /* Debug */,
				B61B35B42AE14EF5007A7A78 /* Release */,
			);
			defaultConfigurationIsVisible = 0;
			defaultConfigurationName = Release;
		};
		B61B35B52AE14EF5007A7A78 /* Build configuration list for PBXNativeTarget "e_CommerceTests" */ = {
			isa = XCConfigurationList;
			buildConfigurations = (
				B61B35B62AE14EF5007A7A78 /* Debug */,
				B61B35B72AE14EF5007A7A78 /* Release */,
			);
			defaultConfigurationIsVisible = 0;
			defaultConfigurationName = Release;
		};
		B61B35B82AE14EF5007A7A78 /* Build configuration list for PBXNativeTarget "e_CommerceUITests" */ = {
			isa = XCConfigurationList;
			buildConfigurations = (
				B61B35B92AE14EF5007A7A78 /* Debug */,
				B61B35BA2AE14EF5007A7A78 /* Release */,
			);
			defaultConfigurationIsVisible = 0;
			defaultConfigurationName = Release;
		};
/* End XCConfigurationList section */
	};
	rootObject = B61B35862AE14EF3007A7A78 /* Project object */;
}
